// !$*UTF8*$!
{
	archiveVersion = 1;
	classes = {
	};
	objectVersion = 46;
	objects = {

/* Begin PBXBuildFile section */
		ED1D72EE1A144F30002AE5C9 /* GBYAlertUtils.m in Sources */ = {isa = PBXBuildFile; fileRef = ED1D72C11A144F30002AE5C9 /* GBYAlertUtils.m */; };
		ED1D72EF1A144F30002AE5C9 /* GBYBarButtonItem.m in Sources */ = {isa = PBXBuildFile; fileRef = ED1D72C31A144F30002AE5C9 /* GBYBarButtonItem.m */; };
		ED1D72F01A144F30002AE5C9 /* GBYButton.m in Sources */ = {isa = PBXBuildFile; fileRef = ED1D72C51A144F30002AE5C9 /* GBYButton.m */; };
		ED1D72F11A144F30002AE5C9 /* GBYColor.m in Sources */ = {isa = PBXBuildFile; fileRef = ED1D72C71A144F30002AE5C9 /* GBYColor.m */; };
		ED1D72F21A144F30002AE5C9 /* GBYFetchedResultsController.m in Sources */ = {isa = PBXBuildFile; fileRef = ED1D72C91A144F30002AE5C9 /* GBYFetchedResultsController.m */; };
		ED1D72F31A144F30002AE5C9 /* GBYFetchedResultsControllerDelegate.m in Sources */ = {isa = PBXBuildFile; fileRef = ED1D72CB1A144F30002AE5C9 /* GBYFetchedResultsControllerDelegate.m */; };
		ED1D72F41A144F30002AE5C9 /* GBYImageView.m in Sources */ = {isa = PBXBuildFile; fileRef = ED1D72CD1A144F30002AE5C9 /* GBYImageView.m */; };
		ED1D72F51A144F30002AE5C9 /* GBYLabel.m in Sources */ = {isa = PBXBuildFile; fileRef = ED1D72CF1A144F30002AE5C9 /* GBYLabel.m */; };
		ED1D72F61A144F30002AE5C9 /* GBYManager.m in Sources */ = {isa = PBXBuildFile; fileRef = ED1D72D11A144F30002AE5C9 /* GBYManager.m */; };
		ED1D72F71A144F30002AE5C9 /* GBYNavigationItem.m in Sources */ = {isa = PBXBuildFile; fileRef = ED1D72D31A144F30002AE5C9 /* GBYNavigationItem.m */; };
		ED1D72F81A144F30002AE5C9 /* GBYProtocolForwarder.m in Sources */ = {isa = PBXBuildFile; fileRef = ED1D72D51A144F30002AE5C9 /* GBYProtocolForwarder.m */; };
		ED1D72F91A144F30002AE5C9 /* GBYScrollViewDelegate.m in Sources */ = {isa = PBXBuildFile; fileRef = ED1D72D71A144F30002AE5C9 /* GBYScrollViewDelegate.m */; };
		ED1D72FA1A144F30002AE5C9 /* GBYSegmentedControl.m in Sources */ = {isa = PBXBuildFile; fileRef = ED1D72D91A144F30002AE5C9 /* GBYSegmentedControl.m */; };
		ED1D72FB1A144F30002AE5C9 /* GBYSoundUtils.m in Sources */ = {isa = PBXBuildFile; fileRef = ED1D72DB1A144F30002AE5C9 /* GBYSoundUtils.m */; };
		ED1D72FC1A144F30002AE5C9 /* GBYStepper.m in Sources */ = {isa = PBXBuildFile; fileRef = ED1D72DD1A144F30002AE5C9 /* GBYStepper.m */; };
		ED1D72FD1A144F30002AE5C9 /* GBYSwitch.m in Sources */ = {isa = PBXBuildFile; fileRef = ED1D72DF1A144F30002AE5C9 /* GBYSwitch.m */; };
		ED1D72FE1A144F30002AE5C9 /* GBYTabBarController.m in Sources */ = {isa = PBXBuildFile; fileRef = ED1D72E11A144F30002AE5C9 /* GBYTabBarController.m */; };
		ED1D72FF1A144F30002AE5C9 /* GBYTableView.m in Sources */ = {isa = PBXBuildFile; fileRef = ED1D72E31A144F30002AE5C9 /* GBYTableView.m */; };
		ED1D73001A144F30002AE5C9 /* GBYTableViewCell.m in Sources */ = {isa = PBXBuildFile; fileRef = ED1D72E51A144F30002AE5C9 /* GBYTableViewCell.m */; };
		ED1D73011A144F30002AE5C9 /* GBYTableViewDataSource.m in Sources */ = {isa = PBXBuildFile; fileRef = ED1D72E71A144F30002AE5C9 /* GBYTableViewDataSource.m */; };
		ED1D73021A144F30002AE5C9 /* GBYTableViewDelegate.m in Sources */ = {isa = PBXBuildFile; fileRef = ED1D72E91A144F30002AE5C9 /* GBYTableViewDelegate.m */; };
		ED1D73031A144F30002AE5C9 /* GBYTextField.m in Sources */ = {isa = PBXBuildFile; fileRef = ED1D72EB1A144F30002AE5C9 /* GBYTextField.m */; };
		ED1D73041A144F30002AE5C9 /* GBYViewController.m in Sources */ = {isa = PBXBuildFile; fileRef = ED1D72ED1A144F30002AE5C9 /* GBYViewController.m */; };
		ED1D73061A1450F0002AE5C9 /* main.js in Resources */ = {isa = PBXBuildFile; fileRef = ED1D73051A1450F0002AE5C9 /* main.js */; };
		ED1D73171A14535D002AE5C9 /* AAPersistentFunctions.m in Sources */ = {isa = PBXBuildFile; fileRef = ED1D73101A14535D002AE5C9 /* AAPersistentFunctions.m */; };
		ED1D732B1A145366002AE5C9 /* AAArrayNode.m in Sources */ = {isa = PBXBuildFile; fileRef = ED1D731A1A145366002AE5C9 /* AAArrayNode.m */; };
		ED1D732C1A145366002AE5C9 /* AABaseHashMap.m in Sources */ = {isa = PBXBuildFile; fileRef = ED1D731B1A145366002AE5C9 /* AABaseHashMap.m */; };
		ED1D732D1A145366002AE5C9 /* AABitmapIndexedNode.m in Sources */ = {isa = PBXBuildFile; fileRef = ED1D731E1A145366002AE5C9 /* AABitmapIndexedNode.m */; };
		ED1D732E1A145366002AE5C9 /* AAHashCollisionNode.m in Sources */ = {isa = PBXBuildFile; fileRef = ED1D73201A145366002AE5C9 /* AAHashCollisionNode.m */; };
		ED1D732F1A145366002AE5C9 /* AAMapArrayNodeIterator.m in Sources */ = {isa = PBXBuildFile; fileRef = ED1D73231A145366002AE5C9 /* AAMapArrayNodeIterator.m */; };
		ED1D73301A145366002AE5C9 /* AAMapNodeIterator.m in Sources */ = {isa = PBXBuildFile; fileRef = ED1D73251A145366002AE5C9 /* AAMapNodeIterator.m */; };
		ED1D73311A145366002AE5C9 /* AANullNode.m in Sources */ = {isa = PBXBuildFile; fileRef = ED1D73271A145366002AE5C9 /* AANullNode.m */; };
		ED1D73321A145366002AE5C9 /* AAPersistentHashMap.m in Sources */ = {isa = PBXBuildFile; fileRef = ED1D73281A145366002AE5C9 /* AAPersistentHashMap.m */; };
		ED1D73331A145366002AE5C9 /* AATransientHashMap.m in Sources */ = {isa = PBXBuildFile; fileRef = ED1D73291A145366002AE5C9 /* AATransientHashMap.m */; };
		ED1D733D1A14536B002AE5C9 /* AABaseSet.m in Sources */ = {isa = PBXBuildFile; fileRef = ED1D73351A14536B002AE5C9 /* AABaseSet.m */; };
		ED1D733E1A14536B002AE5C9 /* AAPersistentSet.m in Sources */ = {isa = PBXBuildFile; fileRef = ED1D73371A14536B002AE5C9 /* AAPersistentSet.m */; };
		ED1D733F1A14536B002AE5C9 /* AASetIterator.m in Sources */ = {isa = PBXBuildFile; fileRef = ED1D733A1A14536B002AE5C9 /* AASetIterator.m */; };
		ED1D73401A14536B002AE5C9 /* AATransientSet.m in Sources */ = {isa = PBXBuildFile; fileRef = ED1D733B1A14536B002AE5C9 /* AATransientSet.m */; };
		ED1D73501A145371002AE5C9 /* AABaseVector.m in Sources */ = {isa = PBXBuildFile; fileRef = ED1D73421A145371002AE5C9 /* AABaseVector.m */; };
		ED1D73511A145371002AE5C9 /* AABool.m in Sources */ = {isa = PBXBuildFile; fileRef = ED1D73451A145371002AE5C9 /* AABool.m */; };
		ED1D73521A145371002AE5C9 /* AAOwner.m in Sources */ = {isa = PBXBuildFile; fileRef = ED1D73471A145371002AE5C9 /* AAOwner.m */; };
		ED1D73531A145371002AE5C9 /* AAPersistentVector.m in Sources */ = {isa = PBXBuildFile; fileRef = ED1D73481A145371002AE5C9 /* AAPersistentVector.m */; };
		ED1D73541A145371002AE5C9 /* AATransientVector.m in Sources */ = {isa = PBXBuildFile; fileRef = ED1D734A1A145371002AE5C9 /* AATransientVector.m */; };
		ED1D73551A145371002AE5C9 /* AAVectorIterator.m in Sources */ = {isa = PBXBuildFile; fileRef = ED1D734D1A145371002AE5C9 /* AAVectorIterator.m */; };
		ED1D73561A145371002AE5C9 /* AAVNode.m in Sources */ = {isa = PBXBuildFile; fileRef = ED1D734F1A145371002AE5C9 /* AAVNode.m */; };
		ED1D73591A14537D002AE5C9 /* AAPersistentUtils.m in Sources */ = {isa = PBXBuildFile; fileRef = ED1D73581A14537D002AE5C9 /* AAPersistentUtils.m */; };
		ED5003EC1A144A2B00F4EC85 /* main.m in Sources */ = {isa = PBXBuildFile; fileRef = ED5003EB1A144A2B00F4EC85 /* main.m */; };
		ED5003EF1A144A2B00F4EC85 /* AppDelegate.m in Sources */ = {isa = PBXBuildFile; fileRef = ED5003EE1A144A2B00F4EC85 /* AppDelegate.m */; };
		ED5003F21A144A2B00F4EC85 /* ViewController.m in Sources */ = {isa = PBXBuildFile; fileRef = ED5003F11A144A2B00F4EC85 /* ViewController.m */; };
		ED5003F51A144A2B00F4EC85 /* Main.storyboard in Resources */ = {isa = PBXBuildFile; fileRef = ED5003F31A144A2B00F4EC85 /* Main.storyboard */; };
		ED5003F71A144A2B00F4EC85 /* Images.xcassets in Resources */ = {isa = PBXBuildFile; fileRef = ED5003F61A144A2B00F4EC85 /* Images.xcassets */; };
		ED5003FA1A144A2B00F4EC85 /* LaunchScreen.xib in Resources */ = {isa = PBXBuildFile; fileRef = ED5003F81A144A2B00F4EC85 /* LaunchScreen.xib */; };
		ED5004061A144A2B00F4EC85 /* PersistentPerfTests.m in Sources */ = {isa = PBXBuildFile; fileRef = ED5004051A144A2B00F4EC85 /* PersistentPerfTests.m */; };
/* End PBXBuildFile section */

/* Begin PBXContainerItemProxy section */
		ED5004001A144A2B00F4EC85 /* PBXContainerItemProxy */ = {
			isa = PBXContainerItemProxy;
			containerPortal = ED5003DE1A144A2B00F4EC85 /* Project object */;
			proxyType = 1;
			remoteGlobalIDString = ED5003E51A144A2B00F4EC85;
			remoteInfo = PersistentPerf;
		};
/* End PBXContainerItemProxy section */

/* Begin PBXFileReference section */
		ED1D72C01A144F30002AE5C9 /* GBYAlertUtils.h */ = {isa = PBXFileReference; fileEncoding = 4; lastKnownFileType = sourcecode.c.h; path = GBYAlertUtils.h; sourceTree = "<group>"; };
		ED1D72C11A144F30002AE5C9 /* GBYAlertUtils.m */ = {isa = PBXFileReference; fileEncoding = 4; lastKnownFileType = sourcecode.c.objc; path = GBYAlertUtils.m; sourceTree = "<group>"; };
		ED1D72C21A144F30002AE5C9 /* GBYBarButtonItem.h */ = {isa = PBXFileReference; fileEncoding = 4; lastKnownFileType = sourcecode.c.h; path = GBYBarButtonItem.h; sourceTree = "<group>"; };
		ED1D72C31A144F30002AE5C9 /* GBYBarButtonItem.m */ = {isa = PBXFileReference; fileEncoding = 4; lastKnownFileType = sourcecode.c.objc; path = GBYBarButtonItem.m; sourceTree = "<group>"; };
		ED1D72C41A144F30002AE5C9 /* GBYButton.h */ = {isa = PBXFileReference; fileEncoding = 4; lastKnownFileType = sourcecode.c.h; path = GBYButton.h; sourceTree = "<group>"; };
		ED1D72C51A144F30002AE5C9 /* GBYButton.m */ = {isa = PBXFileReference; fileEncoding = 4; lastKnownFileType = sourcecode.c.objc; path = GBYButton.m; sourceTree = "<group>"; };
		ED1D72C61A144F30002AE5C9 /* GBYColor.h */ = {isa = PBXFileReference; fileEncoding = 4; lastKnownFileType = sourcecode.c.h; path = GBYColor.h; sourceTree = "<group>"; };
		ED1D72C71A144F30002AE5C9 /* GBYColor.m */ = {isa = PBXFileReference; fileEncoding = 4; lastKnownFileType = sourcecode.c.objc; path = GBYColor.m; sourceTree = "<group>"; };
		ED1D72C81A144F30002AE5C9 /* GBYFetchedResultsController.h */ = {isa = PBXFileReference; fileEncoding = 4; lastKnownFileType = sourcecode.c.h; path = GBYFetchedResultsController.h; sourceTree = "<group>"; };
		ED1D72C91A144F30002AE5C9 /* GBYFetchedResultsController.m */ = {isa = PBXFileReference; fileEncoding = 4; lastKnownFileType = sourcecode.c.objc; path = GBYFetchedResultsController.m; sourceTree = "<group>"; };
		ED1D72CA1A144F30002AE5C9 /* GBYFetchedResultsControllerDelegate.h */ = {isa = PBXFileReference; fileEncoding = 4; lastKnownFileType = sourcecode.c.h; path = GBYFetchedResultsControllerDelegate.h; sourceTree = "<group>"; };
		ED1D72CB1A144F30002AE5C9 /* GBYFetchedResultsControllerDelegate.m */ = {isa = PBXFileReference; fileEncoding = 4; lastKnownFileType = sourcecode.c.objc; path = GBYFetchedResultsControllerDelegate.m; sourceTree = "<group>"; };
		ED1D72CC1A144F30002AE5C9 /* GBYImageView.h */ = {isa = PBXFileReference; fileEncoding = 4; lastKnownFileType = sourcecode.c.h; path = GBYImageView.h; sourceTree = "<group>"; };
		ED1D72CD1A144F30002AE5C9 /* GBYImageView.m */ = {isa = PBXFileReference; fileEncoding = 4; lastKnownFileType = sourcecode.c.objc; path = GBYImageView.m; sourceTree = "<group>"; };
		ED1D72CE1A144F30002AE5C9 /* GBYLabel.h */ = {isa = PBXFileReference; fileEncoding = 4; lastKnownFileType = sourcecode.c.h; path = GBYLabel.h; sourceTree = "<group>"; };
		ED1D72CF1A144F30002AE5C9 /* GBYLabel.m */ = {isa = PBXFileReference; fileEncoding = 4; lastKnownFileType = sourcecode.c.objc; path = GBYLabel.m; sourceTree = "<group>"; };
		ED1D72D01A144F30002AE5C9 /* GBYManager.h */ = {isa = PBXFileReference; fileEncoding = 4; lastKnownFileType = sourcecode.c.h; path = GBYManager.h; sourceTree = "<group>"; };
		ED1D72D11A144F30002AE5C9 /* GBYManager.m */ = {isa = PBXFileReference; fileEncoding = 4; lastKnownFileType = sourcecode.c.objc; path = GBYManager.m; sourceTree = "<group>"; };
		ED1D72D21A144F30002AE5C9 /* GBYNavigationItem.h */ = {isa = PBXFileReference; fileEncoding = 4; lastKnownFileType = sourcecode.c.h; path = GBYNavigationItem.h; sourceTree = "<group>"; };
		ED1D72D31A144F30002AE5C9 /* GBYNavigationItem.m */ = {isa = PBXFileReference; fileEncoding = 4; lastKnownFileType = sourcecode.c.objc; path = GBYNavigationItem.m; sourceTree = "<group>"; };
		ED1D72D41A144F30002AE5C9 /* GBYProtocolForwarder.h */ = {isa = PBXFileReference; fileEncoding = 4; lastKnownFileType = sourcecode.c.h; path = GBYProtocolForwarder.h; sourceTree = "<group>"; };
		ED1D72D51A144F30002AE5C9 /* GBYProtocolForwarder.m */ = {isa = PBXFileReference; fileEncoding = 4; lastKnownFileType = sourcecode.c.objc; path = GBYProtocolForwarder.m; sourceTree = "<group>"; };
		ED1D72D61A144F30002AE5C9 /* GBYScrollViewDelegate.h */ = {isa = PBXFileReference; fileEncoding = 4; lastKnownFileType = sourcecode.c.h; path = GBYScrollViewDelegate.h; sourceTree = "<group>"; };
		ED1D72D71A144F30002AE5C9 /* GBYScrollViewDelegate.m */ = {isa = PBXFileReference; fileEncoding = 4; lastKnownFileType = sourcecode.c.objc; path = GBYScrollViewDelegate.m; sourceTree = "<group>"; };
		ED1D72D81A144F30002AE5C9 /* GBYSegmentedControl.h */ = {isa = PBXFileReference; fileEncoding = 4; lastKnownFileType = sourcecode.c.h; path = GBYSegmentedControl.h; sourceTree = "<group>"; };
		ED1D72D91A144F30002AE5C9 /* GBYSegmentedControl.m */ = {isa = PBXFileReference; fileEncoding = 4; lastKnownFileType = sourcecode.c.objc; path = GBYSegmentedControl.m; sourceTree = "<group>"; };
		ED1D72DA1A144F30002AE5C9 /* GBYSoundUtils.h */ = {isa = PBXFileReference; fileEncoding = 4; lastKnownFileType = sourcecode.c.h; path = GBYSoundUtils.h; sourceTree = "<group>"; };
		ED1D72DB1A144F30002AE5C9 /* GBYSoundUtils.m */ = {isa = PBXFileReference; fileEncoding = 4; lastKnownFileType = sourcecode.c.objc; path = GBYSoundUtils.m; sourceTree = "<group>"; };
		ED1D72DC1A144F30002AE5C9 /* GBYStepper.h */ = {isa = PBXFileReference; fileEncoding = 4; lastKnownFileType = sourcecode.c.h; path = GBYStepper.h; sourceTree = "<group>"; };
		ED1D72DD1A144F30002AE5C9 /* GBYStepper.m */ = {isa = PBXFileReference; fileEncoding = 4; lastKnownFileType = sourcecode.c.objc; path = GBYStepper.m; sourceTree = "<group>"; };
		ED1D72DE1A144F30002AE5C9 /* GBYSwitch.h */ = {isa = PBXFileReference; fileEncoding = 4; lastKnownFileType = sourcecode.c.h; path = GBYSwitch.h; sourceTree = "<group>"; };
		ED1D72DF1A144F30002AE5C9 /* GBYSwitch.m */ = {isa = PBXFileReference; fileEncoding = 4; lastKnownFileType = sourcecode.c.objc; path = GBYSwitch.m; sourceTree = "<group>"; };
		ED1D72E01A144F30002AE5C9 /* GBYTabBarController.h */ = {isa = PBXFileReference; fileEncoding = 4; lastKnownFileType = sourcecode.c.h; path = GBYTabBarController.h; sourceTree = "<group>"; };
		ED1D72E11A144F30002AE5C9 /* GBYTabBarController.m */ = {isa = PBXFileReference; fileEncoding = 4; lastKnownFileType = sourcecode.c.objc; path = GBYTabBarController.m; sourceTree = "<group>"; };
		ED1D72E21A144F30002AE5C9 /* GBYTableView.h */ = {isa = PBXFileReference; fileEncoding = 4; lastKnownFileType = sourcecode.c.h; path = GBYTableView.h; sourceTree = "<group>"; };
		ED1D72E31A144F30002AE5C9 /* GBYTableView.m */ = {isa = PBXFileReference; fileEncoding = 4; lastKnownFileType = sourcecode.c.objc; path = GBYTableView.m; sourceTree = "<group>"; };
		ED1D72E41A144F30002AE5C9 /* GBYTableViewCell.h */ = {isa = PBXFileReference; fileEncoding = 4; lastKnownFileType = sourcecode.c.h; path = GBYTableViewCell.h; sourceTree = "<group>"; };
		ED1D72E51A144F30002AE5C9 /* GBYTableViewCell.m */ = {isa = PBXFileReference; fileEncoding = 4; lastKnownFileType = sourcecode.c.objc; path = GBYTableViewCell.m; sourceTree = "<group>"; };
		ED1D72E61A144F30002AE5C9 /* GBYTableViewDataSource.h */ = {isa = PBXFileReference; fileEncoding = 4; lastKnownFileType = sourcecode.c.h; path = GBYTableViewDataSource.h; sourceTree = "<group>"; };
		ED1D72E71A144F30002AE5C9 /* GBYTableViewDataSource.m */ = {isa = PBXFileReference; fileEncoding = 4; lastKnownFileType = sourcecode.c.objc; path = GBYTableViewDataSource.m; sourceTree = "<group>"; };
		ED1D72E81A144F30002AE5C9 /* GBYTableViewDelegate.h */ = {isa = PBXFileReference; fileEncoding = 4; lastKnownFileType = sourcecode.c.h; path = GBYTableViewDelegate.h; sourceTree = "<group>"; };
		ED1D72E91A144F30002AE5C9 /* GBYTableViewDelegate.m */ = {isa = PBXFileReference; fileEncoding = 4; lastKnownFileType = sourcecode.c.objc; path = GBYTableViewDelegate.m; sourceTree = "<group>"; };
		ED1D72EA1A144F30002AE5C9 /* GBYTextField.h */ = {isa = PBXFileReference; fileEncoding = 4; lastKnownFileType = sourcecode.c.h; path = GBYTextField.h; sourceTree = "<group>"; };
		ED1D72EB1A144F30002AE5C9 /* GBYTextField.m */ = {isa = PBXFileReference; fileEncoding = 4; lastKnownFileType = sourcecode.c.objc; path = GBYTextField.m; sourceTree = "<group>"; };
		ED1D72EC1A144F30002AE5C9 /* GBYViewController.h */ = {isa = PBXFileReference; fileEncoding = 4; lastKnownFileType = sourcecode.c.h; path = GBYViewController.h; sourceTree = "<group>"; };
		ED1D72ED1A144F30002AE5C9 /* GBYViewController.m */ = {isa = PBXFileReference; fileEncoding = 4; lastKnownFileType = sourcecode.c.objc; path = GBYViewController.m; sourceTree = "<group>"; };
		ED1D73051A1450F0002AE5C9 /* main.js */ = {isa = PBXFileReference; fileEncoding = 4; lastKnownFileType = sourcecode.javascript; name = main.js; path = ../ClojureScript/js/main.js; sourceTree = "<group>"; };
		ED1D73091A14535D002AE5C9 /* AABaseHashMap.h */ = {isa = PBXFileReference; fileEncoding = 4; lastKnownFileType = sourcecode.c.h; path = AABaseHashMap.h; sourceTree = "<group>"; };
		ED1D730A1A14535D002AE5C9 /* AABaseSet.h */ = {isa = PBXFileReference; fileEncoding = 4; lastKnownFileType = sourcecode.c.h; path = AABaseSet.h; sourceTree = "<group>"; };
		ED1D730B1A14535D002AE5C9 /* AABaseVector.h */ = {isa = PBXFileReference; fileEncoding = 4; lastKnownFileType = sourcecode.c.h; path = AABaseVector.h; sourceTree = "<group>"; };
		ED1D730C1A14535D002AE5C9 /* AAIIterator.h */ = {isa = PBXFileReference; fileEncoding = 4; lastKnownFileType = sourcecode.c.h; path = AAIIterator.h; sourceTree = "<group>"; };
		ED1D730D1A14535D002AE5C9 /* AAIPersistent.h */ = {isa = PBXFileReference; fileEncoding = 4; lastKnownFileType = sourcecode.c.h; path = AAIPersistent.h; sourceTree = "<group>"; };
		ED1D730E1A14535D002AE5C9 /* AAPersistent.h */ = {isa = PBXFileReference; fileEncoding = 4; lastKnownFileType = sourcecode.c.h; path = AAPersistent.h; sourceTree = "<group>"; };
		ED1D730F1A14535D002AE5C9 /* AAPersistentFunctions.h */ = {isa = PBXFileReference; fileEncoding = 4; lastKnownFileType = sourcecode.c.h; path = AAPersistentFunctions.h; sourceTree = "<group>"; };
		ED1D73101A14535D002AE5C9 /* AAPersistentFunctions.m */ = {isa = PBXFileReference; fileEncoding = 4; lastKnownFileType = sourcecode.c.objc; path = AAPersistentFunctions.m; sourceTree = "<group>"; };
		ED1D73111A14535D002AE5C9 /* AAPersistentHashMap.h */ = {isa = PBXFileReference; fileEncoding = 4; lastKnownFileType = sourcecode.c.h; path = AAPersistentHashMap.h; sourceTree = "<group>"; };
		ED1D73121A14535D002AE5C9 /* AAPersistentSet.h */ = {isa = PBXFileReference; fileEncoding = 4; lastKnownFileType = sourcecode.c.h; path = AAPersistentSet.h; sourceTree = "<group>"; };
		ED1D73131A14535D002AE5C9 /* AAPersistentVector.h */ = {isa = PBXFileReference; fileEncoding = 4; lastKnownFileType = sourcecode.c.h; path = AAPersistentVector.h; sourceTree = "<group>"; };
		ED1D73141A14535D002AE5C9 /* AATransientHashMap.h */ = {isa = PBXFileReference; fileEncoding = 4; lastKnownFileType = sourcecode.c.h; path = AATransientHashMap.h; sourceTree = "<group>"; };
		ED1D73151A14535D002AE5C9 /* AATransientSet.h */ = {isa = PBXFileReference; fileEncoding = 4; lastKnownFileType = sourcecode.c.h; path = AATransientSet.h; sourceTree = "<group>"; };
		ED1D73161A14535D002AE5C9 /* AATransientVector.h */ = {isa = PBXFileReference; fileEncoding = 4; lastKnownFileType = sourcecode.c.h; path = AATransientVector.h; sourceTree = "<group>"; };
		ED1D73191A145366002AE5C9 /* AAArrayNode.h */ = {isa = PBXFileReference; fileEncoding = 4; lastKnownFileType = sourcecode.c.h; path = AAArrayNode.h; sourceTree = "<group>"; };
		ED1D731A1A145366002AE5C9 /* AAArrayNode.m */ = {isa = PBXFileReference; fileEncoding = 4; lastKnownFileType = sourcecode.c.objc; path = AAArrayNode.m; sourceTree = "<group>"; };
		ED1D731B1A145366002AE5C9 /* AABaseHashMap.m */ = {isa = PBXFileReference; fileEncoding = 4; lastKnownFileType = sourcecode.c.objc; path = AABaseHashMap.m; sourceTree = "<group>"; };
		ED1D731C1A145366002AE5C9 /* AABaseHashMapPrivate.h */ = {isa = PBXFileReference; fileEncoding = 4; lastKnownFileType = sourcecode.c.h; path = AABaseHashMapPrivate.h; sourceTree = "<group>"; };
		ED1D731D1A145366002AE5C9 /* AABitmapIndexedNode.h */ = {isa = PBXFileReference; fileEncoding = 4; lastKnownFileType = sourcecode.c.h; path = AABitmapIndexedNode.h; sourceTree = "<group>"; };
		ED1D731E1A145366002AE5C9 /* AABitmapIndexedNode.m */ = {isa = PBXFileReference; fileEncoding = 4; lastKnownFileType = sourcecode.c.objc; path = AABitmapIndexedNode.m; sourceTree = "<group>"; };
		ED1D731F1A145366002AE5C9 /* AAHashCollisionNode.h */ = {isa = PBXFileReference; fileEncoding = 4; lastKnownFileType = sourcecode.c.h; path = AAHashCollisionNode.h; sourceTree = "<group>"; };
		ED1D73201A145366002AE5C9 /* AAHashCollisionNode.m */ = {isa = PBXFileReference; fileEncoding = 4; lastKnownFileType = sourcecode.c.objc; path = AAHashCollisionNode.m; sourceTree = "<group>"; };
		ED1D73211A145366002AE5C9 /* AAINode.h */ = {isa = PBXFileReference; fileEncoding = 4; lastKnownFileType = sourcecode.c.h; path = AAINode.h; sourceTree = "<group>"; };
		ED1D73221A145366002AE5C9 /* AAMapArrayNodeIterator.h */ = {isa = PBXFileReference; fileEncoding = 4; lastKnownFileType = sourcecode.c.h; path = AAMapArrayNodeIterator.h; sourceTree = "<group>"; };
		ED1D73231A145366002AE5C9 /* AAMapArrayNodeIterator.m */ = {isa = PBXFileReference; fileEncoding = 4; lastKnownFileType = sourcecode.c.objc; path = AAMapArrayNodeIterator.m; sourceTree = "<group>"; };
		ED1D73241A145366002AE5C9 /* AAMapNodeIterator.h */ = {isa = PBXFileReference; fileEncoding = 4; lastKnownFileType = sourcecode.c.h; path = AAMapNodeIterator.h; sourceTree = "<group>"; };
		ED1D73251A145366002AE5C9 /* AAMapNodeIterator.m */ = {isa = PBXFileReference; fileEncoding = 4; lastKnownFileType = sourcecode.c.objc; path = AAMapNodeIterator.m; sourceTree = "<group>"; };
		ED1D73261A145366002AE5C9 /* AANullNode.h */ = {isa = PBXFileReference; fileEncoding = 4; lastKnownFileType = sourcecode.c.h; path = AANullNode.h; sourceTree = "<group>"; };
		ED1D73271A145366002AE5C9 /* AANullNode.m */ = {isa = PBXFileReference; fileEncoding = 4; lastKnownFileType = sourcecode.c.objc; path = AANullNode.m; sourceTree = "<group>"; };
		ED1D73281A145366002AE5C9 /* AAPersistentHashMap.m */ = {isa = PBXFileReference; fileEncoding = 4; lastKnownFileType = sourcecode.c.objc; path = AAPersistentHashMap.m; sourceTree = "<group>"; };
		ED1D73291A145366002AE5C9 /* AATransientHashMap.m */ = {isa = PBXFileReference; fileEncoding = 4; lastKnownFileType = sourcecode.c.objc; path = AATransientHashMap.m; sourceTree = "<group>"; };
		ED1D732A1A145366002AE5C9 /* AATransientHashMapPrivate.h */ = {isa = PBXFileReference; fileEncoding = 4; lastKnownFileType = sourcecode.c.h; path = AATransientHashMapPrivate.h; sourceTree = "<group>"; };
		ED1D73351A14536B002AE5C9 /* AABaseSet.m */ = {isa = PBXFileReference; fileEncoding = 4; lastKnownFileType = sourcecode.c.objc; path = AABaseSet.m; sourceTree = "<group>"; };
		ED1D73361A14536B002AE5C9 /* AABaseSetPrivate.h */ = {isa = PBXFileReference; fileEncoding = 4; lastKnownFileType = sourcecode.c.h; path = AABaseSetPrivate.h; sourceTree = "<group>"; };
		ED1D73371A14536B002AE5C9 /* AAPersistentSet.m */ = {isa = PBXFileReference; fileEncoding = 4; lastKnownFileType = sourcecode.c.objc; path = AAPersistentSet.m; sourceTree = "<group>"; };
		ED1D73381A14536B002AE5C9 /* AAPersistentSetPrivate.h */ = {isa = PBXFileReference; fileEncoding = 4; lastKnownFileType = sourcecode.c.h; path = AAPersistentSetPrivate.h; sourceTree = "<group>"; };
		ED1D73391A14536B002AE5C9 /* AASetIterator.h */ = {isa = PBXFileReference; fileEncoding = 4; lastKnownFileType = sourcecode.c.h; path = AASetIterator.h; sourceTree = "<group>"; };
		ED1D733A1A14536B002AE5C9 /* AASetIterator.m */ = {isa = PBXFileReference; fileEncoding = 4; lastKnownFileType = sourcecode.c.objc; path = AASetIterator.m; sourceTree = "<group>"; };
		ED1D733B1A14536B002AE5C9 /* AATransientSet.m */ = {isa = PBXFileReference; fileEncoding = 4; lastKnownFileType = sourcecode.c.objc; path = AATransientSet.m; sourceTree = "<group>"; };
		ED1D733C1A14536B002AE5C9 /* AATransientSetPrivate.h */ = {isa = PBXFileReference; fileEncoding = 4; lastKnownFileType = sourcecode.c.h; path = AATransientSetPrivate.h; sourceTree = "<group>"; };
		ED1D73421A145371002AE5C9 /* AABaseVector.m */ = {isa = PBXFileReference; fileEncoding = 4; lastKnownFileType = sourcecode.c.objc; path = AABaseVector.m; sourceTree = "<group>"; };
		ED1D73431A145371002AE5C9 /* AABaseVectorPrivate.h */ = {isa = PBXFileReference; fileEncoding = 4; lastKnownFileType = sourcecode.c.h; path = AABaseVectorPrivate.h; sourceTree = "<group>"; };
		ED1D73441A145371002AE5C9 /* AABool.h */ = {isa = PBXFileReference; fileEncoding = 4; lastKnownFileType = sourcecode.c.h; path = AABool.h; sourceTree = "<group>"; };
		ED1D73451A145371002AE5C9 /* AABool.m */ = {isa = PBXFileReference; fileEncoding = 4; lastKnownFileType = sourcecode.c.objc; path = AABool.m; sourceTree = "<group>"; };
		ED1D73461A145371002AE5C9 /* AAOwner.h */ = {isa = PBXFileReference; fileEncoding = 4; lastKnownFileType = sourcecode.c.h; path = AAOwner.h; sourceTree = "<group>"; };
		ED1D73471A145371002AE5C9 /* AAOwner.m */ = {isa = PBXFileReference; fileEncoding = 4; lastKnownFileType = sourcecode.c.objc; path = AAOwner.m; sourceTree = "<group>"; };
		ED1D73481A145371002AE5C9 /* AAPersistentVector.m */ = {isa = PBXFileReference; fileEncoding = 4; lastKnownFileType = sourcecode.c.objc; path = AAPersistentVector.m; sourceTree = "<group>"; };
		ED1D73491A145371002AE5C9 /* AAPersistentVectorPrivate.h */ = {isa = PBXFileReference; fileEncoding = 4; lastKnownFileType = sourcecode.c.h; path = AAPersistentVectorPrivate.h; sourceTree = "<group>"; };
		ED1D734A1A145371002AE5C9 /* AATransientVector.m */ = {isa = PBXFileReference; fileEncoding = 4; lastKnownFileType = sourcecode.c.objc; path = AATransientVector.m; sourceTree = "<group>"; };
		ED1D734B1A145371002AE5C9 /* AATransientVectorPrivate.h */ = {isa = PBXFileReference; fileEncoding = 4; lastKnownFileType = sourcecode.c.h; path = AATransientVectorPrivate.h; sourceTree = "<group>"; };
		ED1D734C1A145371002AE5C9 /* AAVectorIterator.h */ = {isa = PBXFileReference; fileEncoding = 4; lastKnownFileType = sourcecode.c.h; path = AAVectorIterator.h; sourceTree = "<group>"; };
		ED1D734D1A145371002AE5C9 /* AAVectorIterator.m */ = {isa = PBXFileReference; fileEncoding = 4; lastKnownFileType = sourcecode.c.objc; path = AAVectorIterator.m; sourceTree = "<group>"; };
		ED1D734E1A145371002AE5C9 /* AAVNode.h */ = {isa = PBXFileReference; fileEncoding = 4; lastKnownFileType = sourcecode.c.h; path = AAVNode.h; sourceTree = "<group>"; };
		ED1D734F1A145371002AE5C9 /* AAVNode.m */ = {isa = PBXFileReference; fileEncoding = 4; lastKnownFileType = sourcecode.c.objc; path = AAVNode.m; sourceTree = "<group>"; };
		ED1D73571A14537D002AE5C9 /* AAPersistentUtils.h */ = {isa = PBXFileReference; fileEncoding = 4; lastKnownFileType = sourcecode.c.h; name = AAPersistentUtils.h; path = ../persistent.objc/Persistent/AAPersistentUtils.h; sourceTree = "<group>"; };
		ED1D73581A14537D002AE5C9 /* AAPersistentUtils.m */ = {isa = PBXFileReference; fileEncoding = 4; lastKnownFileType = sourcecode.c.objc; name = AAPersistentUtils.m; path = ../persistent.objc/Persistent/AAPersistentUtils.m; sourceTree = "<group>"; };
		ED5003E61A144A2B00F4EC85 /* PersistentPerf.app */ = {isa = PBXFileReference; explicitFileType = wrapper.application; includeInIndex = 0; path = PersistentPerf.app; sourceTree = BUILT_PRODUCTS_DIR; };
		ED5003EA1A144A2B00F4EC85 /* Info.plist */ = {isa = PBXFileReference; lastKnownFileType = text.plist.xml; path = Info.plist; sourceTree = "<group>"; };
		ED5003EB1A144A2B00F4EC85 /* main.m */ = {isa = PBXFileReference; lastKnownFileType = sourcecode.c.objc; path = main.m; sourceTree = "<group>"; };
		ED5003ED1A144A2B00F4EC85 /* AppDelegate.h */ = {isa = PBXFileReference; lastKnownFileType = sourcecode.c.h; path = AppDelegate.h; sourceTree = "<group>"; };
		ED5003EE1A144A2B00F4EC85 /* AppDelegate.m */ = {isa = PBXFileReference; lastKnownFileType = sourcecode.c.objc; path = AppDelegate.m; sourceTree = "<group>"; };
		ED5003F01A144A2B00F4EC85 /* ViewController.h */ = {isa = PBXFileReference; lastKnownFileType = sourcecode.c.h; path = ViewController.h; sourceTree = "<group>"; };
		ED5003F11A144A2B00F4EC85 /* ViewController.m */ = {isa = PBXFileReference; lastKnownFileType = sourcecode.c.objc; path = ViewController.m; sourceTree = "<group>"; };
		ED5003F41A144A2B00F4EC85 /* Base */ = {isa = PBXFileReference; lastKnownFileType = file.storyboard; name = Base; path = Base.lproj/Main.storyboard; sourceTree = "<group>"; };
		ED5003F61A144A2B00F4EC85 /* Images.xcassets */ = {isa = PBXFileReference; lastKnownFileType = folder.assetcatalog; path = Images.xcassets; sourceTree = "<group>"; };
		ED5003F91A144A2B00F4EC85 /* Base */ = {isa = PBXFileReference; lastKnownFileType = file.xib; name = Base; path = Base.lproj/LaunchScreen.xib; sourceTree = "<group>"; };
		ED5003FF1A144A2B00F4EC85 /* PersistentPerfTests.xctest */ = {isa = PBXFileReference; explicitFileType = wrapper.cfbundle; includeInIndex = 0; path = PersistentPerfTests.xctest; sourceTree = BUILT_PRODUCTS_DIR; };
		ED5004041A144A2B00F4EC85 /* Info.plist */ = {isa = PBXFileReference; lastKnownFileType = text.plist.xml; path = Info.plist; sourceTree = "<group>"; };
		ED5004051A144A2B00F4EC85 /* PersistentPerfTests.m */ = {isa = PBXFileReference; lastKnownFileType = sourcecode.c.objc; path = PersistentPerfTests.m; sourceTree = "<group>"; };
/* End PBXFileReference section */

/* Begin PBXFrameworksBuildPhase section */
		ED5003E31A144A2B00F4EC85 /* Frameworks */ = {
			isa = PBXFrameworksBuildPhase;
			buildActionMask = 2147483647;
			files = (
			);
			runOnlyForDeploymentPostprocessing = 0;
		};
		ED5003FC1A144A2B00F4EC85 /* Frameworks */ = {
			isa = PBXFrameworksBuildPhase;
			buildActionMask = 2147483647;
			files = (
			);
			runOnlyForDeploymentPostprocessing = 0;
		};
/* End PBXFrameworksBuildPhase section */

/* Begin PBXGroup section */
		ED1D72BF1A144F30002AE5C9 /* Goby */ = {
			isa = PBXGroup;
			children = (
				ED1D72C01A144F30002AE5C9 /* GBYAlertUtils.h */,
				ED1D72C11A144F30002AE5C9 /* GBYAlertUtils.m */,
				ED1D72C21A144F30002AE5C9 /* GBYBarButtonItem.h */,
				ED1D72C31A144F30002AE5C9 /* GBYBarButtonItem.m */,
				ED1D72C41A144F30002AE5C9 /* GBYButton.h */,
				ED1D72C51A144F30002AE5C9 /* GBYButton.m */,
				ED1D72C61A144F30002AE5C9 /* GBYColor.h */,
				ED1D72C71A144F30002AE5C9 /* GBYColor.m */,
				ED1D72C81A144F30002AE5C9 /* GBYFetchedResultsController.h */,
				ED1D72C91A144F30002AE5C9 /* GBYFetchedResultsController.m */,
				ED1D72CA1A144F30002AE5C9 /* GBYFetchedResultsControllerDelegate.h */,
				ED1D72CB1A144F30002AE5C9 /* GBYFetchedResultsControllerDelegate.m */,
				ED1D72CC1A144F30002AE5C9 /* GBYImageView.h */,
				ED1D72CD1A144F30002AE5C9 /* GBYImageView.m */,
				ED1D72CE1A144F30002AE5C9 /* GBYLabel.h */,
				ED1D72CF1A144F30002AE5C9 /* GBYLabel.m */,
				ED1D72D01A144F30002AE5C9 /* GBYManager.h */,
				ED1D72D11A144F30002AE5C9 /* GBYManager.m */,
				ED1D72D21A144F30002AE5C9 /* GBYNavigationItem.h */,
				ED1D72D31A144F30002AE5C9 /* GBYNavigationItem.m */,
				ED1D72D41A144F30002AE5C9 /* GBYProtocolForwarder.h */,
				ED1D72D51A144F30002AE5C9 /* GBYProtocolForwarder.m */,
				ED1D72D61A144F30002AE5C9 /* GBYScrollViewDelegate.h */,
				ED1D72D71A144F30002AE5C9 /* GBYScrollViewDelegate.m */,
				ED1D72D81A144F30002AE5C9 /* GBYSegmentedControl.h */,
				ED1D72D91A144F30002AE5C9 /* GBYSegmentedControl.m */,
				ED1D72DA1A144F30002AE5C9 /* GBYSoundUtils.h */,
				ED1D72DB1A144F30002AE5C9 /* GBYSoundUtils.m */,
				ED1D72DC1A144F30002AE5C9 /* GBYStepper.h */,
				ED1D72DD1A144F30002AE5C9 /* GBYStepper.m */,
				ED1D72DE1A144F30002AE5C9 /* GBYSwitch.h */,
				ED1D72DF1A144F30002AE5C9 /* GBYSwitch.m */,
				ED1D72E01A144F30002AE5C9 /* GBYTabBarController.h */,
				ED1D72E11A144F30002AE5C9 /* GBYTabBarController.m */,
				ED1D72E21A144F30002AE5C9 /* GBYTableView.h */,
				ED1D72E31A144F30002AE5C9 /* GBYTableView.m */,
				ED1D72E41A144F30002AE5C9 /* GBYTableViewCell.h */,
				ED1D72E51A144F30002AE5C9 /* GBYTableViewCell.m */,
				ED1D72E61A144F30002AE5C9 /* GBYTableViewDataSource.h */,
				ED1D72E71A144F30002AE5C9 /* GBYTableViewDataSource.m */,
				ED1D72E81A144F30002AE5C9 /* GBYTableViewDelegate.h */,
				ED1D72E91A144F30002AE5C9 /* GBYTableViewDelegate.m */,
				ED1D72EA1A144F30002AE5C9 /* GBYTextField.h */,
				ED1D72EB1A144F30002AE5C9 /* GBYTextField.m */,
				ED1D72EC1A144F30002AE5C9 /* GBYViewController.h */,
				ED1D72ED1A144F30002AE5C9 /* GBYViewController.m */,
			);
			name = Goby;
			path = ../Goby/iOS/src;
			sourceTree = "<group>";
		};
		ED1D73071A145346002AE5C9 /* persistent.objc */ = {
			isa = PBXGroup;
			children = (
				ED1D73571A14537D002AE5C9 /* AAPersistentUtils.h */,
				ED1D73581A14537D002AE5C9 /* AAPersistentUtils.m */,
				ED1D73411A145371002AE5C9 /* Vector */,
				ED1D73341A14536B002AE5C9 /* Set */,
				ED1D73181A145366002AE5C9 /* Map */,
				ED1D73081A14535D002AE5C9 /* Headers */,
			);
			name = persistent.objc;
			sourceTree = "<group>";
		};
		ED1D73081A14535D002AE5C9 /* Headers */ = {
			isa = PBXGroup;
			children = (
				ED1D73091A14535D002AE5C9 /* AABaseHashMap.h */,
				ED1D730A1A14535D002AE5C9 /* AABaseSet.h */,
				ED1D730B1A14535D002AE5C9 /* AABaseVector.h */,
				ED1D730C1A14535D002AE5C9 /* AAIIterator.h */,
				ED1D730D1A14535D002AE5C9 /* AAIPersistent.h */,
				ED1D730E1A14535D002AE5C9 /* AAPersistent.h */,
				ED1D730F1A14535D002AE5C9 /* AAPersistentFunctions.h */,
				ED1D73101A14535D002AE5C9 /* AAPersistentFunctions.m */,
				ED1D73111A14535D002AE5C9 /* AAPersistentHashMap.h */,
				ED1D73121A14535D002AE5C9 /* AAPersistentSet.h */,
				ED1D73131A14535D002AE5C9 /* AAPersistentVector.h */,
				ED1D73141A14535D002AE5C9 /* AATransientHashMap.h */,
				ED1D73151A14535D002AE5C9 /* AATransientSet.h */,
				ED1D73161A14535D002AE5C9 /* AATransientVector.h */,
			);
			name = Headers;
			path = ../persistent.objc/Persistent/Headers;
			sourceTree = "<group>";
		};
		ED1D73181A145366002AE5C9 /* Map */ = {
			isa = PBXGroup;
			children = (
				ED1D73191A145366002AE5C9 /* AAArrayNode.h */,
				ED1D731A1A145366002AE5C9 /* AAArrayNode.m */,
				ED1D731B1A145366002AE5C9 /* AABaseHashMap.m */,
				ED1D731C1A145366002AE5C9 /* AABaseHashMapPrivate.h */,
				ED1D731D1A145366002AE5C9 /* AABitmapIndexedNode.h */,
				ED1D731E1A145366002AE5C9 /* AABitmapIndexedNode.m */,
				ED1D731F1A145366002AE5C9 /* AAHashCollisionNode.h */,
				ED1D73201A145366002AE5C9 /* AAHashCollisionNode.m */,
				ED1D73211A145366002AE5C9 /* AAINode.h */,
				ED1D73221A145366002AE5C9 /* AAMapArrayNodeIterator.h */,
				ED1D73231A145366002AE5C9 /* AAMapArrayNodeIterator.m */,
				ED1D73241A145366002AE5C9 /* AAMapNodeIterator.h */,
				ED1D73251A145366002AE5C9 /* AAMapNodeIterator.m */,
				ED1D73261A145366002AE5C9 /* AANullNode.h */,
				ED1D73271A145366002AE5C9 /* AANullNode.m */,
				ED1D73281A145366002AE5C9 /* AAPersistentHashMap.m */,
				ED1D73291A145366002AE5C9 /* AATransientHashMap.m */,
				ED1D732A1A145366002AE5C9 /* AATransientHashMapPrivate.h */,
			);
			name = Map;
			path = ../persistent.objc/Persistent/Map;
			sourceTree = "<group>";
		};
		ED1D73341A14536B002AE5C9 /* Set */ = {
			isa = PBXGroup;
			children = (
				ED1D73351A14536B002AE5C9 /* AABaseSet.m */,
				ED1D73361A14536B002AE5C9 /* AABaseSetPrivate.h */,
				ED1D73371A14536B002AE5C9 /* AAPersistentSet.m */,
				ED1D73381A14536B002AE5C9 /* AAPersistentSetPrivate.h */,
				ED1D73391A14536B002AE5C9 /* AASetIterator.h */,
				ED1D733A1A14536B002AE5C9 /* AASetIterator.m */,
				ED1D733B1A14536B002AE5C9 /* AATransientSet.m */,
				ED1D733C1A14536B002AE5C9 /* AATransientSetPrivate.h */,
			);
			name = Set;
			path = ../persistent.objc/Persistent/Set;
			sourceTree = "<group>";
		};
		ED1D73411A145371002AE5C9 /* Vector */ = {
			isa = PBXGroup;
			children = (
				ED1D73421A145371002AE5C9 /* AABaseVector.m */,
				ED1D73431A145371002AE5C9 /* AABaseVectorPrivate.h */,
				ED1D73441A145371002AE5C9 /* AABool.h */,
				ED1D73451A145371002AE5C9 /* AABool.m */,
				ED1D73461A145371002AE5C9 /* AAOwner.h */,
				ED1D73471A145371002AE5C9 /* AAOwner.m */,
				ED1D73481A145371002AE5C9 /* AAPersistentVector.m */,
				ED1D73491A145371002AE5C9 /* AAPersistentVectorPrivate.h */,
				ED1D734A1A145371002AE5C9 /* AATransientVector.m */,
				ED1D734B1A145371002AE5C9 /* AATransientVectorPrivate.h */,
				ED1D734C1A145371002AE5C9 /* AAVectorIterator.h */,
				ED1D734D1A145371002AE5C9 /* AAVectorIterator.m */,
				ED1D734E1A145371002AE5C9 /* AAVNode.h */,
				ED1D734F1A145371002AE5C9 /* AAVNode.m */,
			);
			name = Vector;
			path = ../persistent.objc/Persistent/Vector;
			sourceTree = "<group>";
		};
		ED5003DD1A144A2B00F4EC85 = {
			isa = PBXGroup;
			children = (
				ED5003E81A144A2B00F4EC85 /* PersistentPerf */,
				ED5004021A144A2B00F4EC85 /* PersistentPerfTests */,
				ED5003E71A144A2B00F4EC85 /* Products */,
				ED1D73051A1450F0002AE5C9 /* main.js */,
				ED1D73071A145346002AE5C9 /* persistent.objc */,
				ED1D72BF1A144F30002AE5C9 /* Goby */,
			);
			sourceTree = "<group>";
		};
		ED5003E71A144A2B00F4EC85 /* Products */ = {
			isa = PBXGroup;
			children = (
				ED5003E61A144A2B00F4EC85 /* PersistentPerf.app */,
				ED5003FF1A144A2B00F4EC85 /* PersistentPerfTests.xctest */,
			);
			name = Products;
			sourceTree = "<group>";
		};
		ED5003E81A144A2B00F4EC85 /* PersistentPerf */ = {
			isa = PBXGroup;
			children = (
				ED5003ED1A144A2B00F4EC85 /* AppDelegate.h */,
				ED5003EE1A144A2B00F4EC85 /* AppDelegate.m */,
				ED5003F01A144A2B00F4EC85 /* ViewController.h */,
				ED5003F11A144A2B00F4EC85 /* ViewController.m */,
				ED5003F31A144A2B00F4EC85 /* Main.storyboard */,
				ED5003F61A144A2B00F4EC85 /* Images.xcassets */,
				ED5003F81A144A2B00F4EC85 /* LaunchScreen.xib */,
				ED5003E91A144A2B00F4EC85 /* Supporting Files */,
			);
			path = PersistentPerf;
			sourceTree = "<group>";
		};
		ED5003E91A144A2B00F4EC85 /* Supporting Files */ = {
			isa = PBXGroup;
			children = (
				ED5003EA1A144A2B00F4EC85 /* Info.plist */,
				ED5003EB1A144A2B00F4EC85 /* main.m */,
			);
			name = "Supporting Files";
			sourceTree = "<group>";
		};
		ED5004021A144A2B00F4EC85 /* PersistentPerfTests */ = {
			isa = PBXGroup;
			children = (
				ED5004051A144A2B00F4EC85 /* PersistentPerfTests.m */,
				ED5004031A144A2B00F4EC85 /* Supporting Files */,
			);
			path = PersistentPerfTests;
			sourceTree = "<group>";
		};
		ED5004031A144A2B00F4EC85 /* Supporting Files */ = {
			isa = PBXGroup;
			children = (
				ED5004041A144A2B00F4EC85 /* Info.plist */,
			);
			name = "Supporting Files";
			sourceTree = "<group>";
		};
/* End PBXGroup section */

/* Begin PBXNativeTarget section */
		ED5003E51A144A2B00F4EC85 /* PersistentPerf */ = {
			isa = PBXNativeTarget;
			buildConfigurationList = ED5004091A144A2B00F4EC85 /* Build configuration list for PBXNativeTarget "PersistentPerf" */;
			buildPhases = (
				ED5003E21A144A2B00F4EC85 /* Sources */,
				ED5003E31A144A2B00F4EC85 /* Frameworks */,
				ED5003E41A144A2B00F4EC85 /* Resources */,
			);
			buildRules = (
			);
			dependencies = (
			);
			name = PersistentPerf;
			productName = PersistentPerf;
			productReference = ED5003E61A144A2B00F4EC85 /* PersistentPerf.app */;
			productType = "com.apple.product-type.application";
		};
		ED5003FE1A144A2B00F4EC85 /* PersistentPerfTests */ = {
			isa = PBXNativeTarget;
			buildConfigurationList = ED50040C1A144A2B00F4EC85 /* Build configuration list for PBXNativeTarget "PersistentPerfTests" */;
			buildPhases = (
				ED5003FB1A144A2B00F4EC85 /* Sources */,
				ED5003FC1A144A2B00F4EC85 /* Frameworks */,
				ED5003FD1A144A2B00F4EC85 /* Resources */,
			);
			buildRules = (
			);
			dependencies = (
				ED5004011A144A2B00F4EC85 /* PBXTargetDependency */,
			);
			name = PersistentPerfTests;
			productName = PersistentPerfTests;
			productReference = ED5003FF1A144A2B00F4EC85 /* PersistentPerfTests.xctest */;
			productType = "com.apple.product-type.bundle.unit-test";
		};
/* End PBXNativeTarget section */

/* Begin PBXProject section */
		ED5003DE1A144A2B00F4EC85 /* Project object */ = {
			isa = PBXProject;
			attributes = {
				LastUpgradeCheck = 0610;
				TargetAttributes = {
					ED5003E51A144A2B00F4EC85 = {
						CreatedOnToolsVersion = 6.1;
					};
					ED5003FE1A144A2B00F4EC85 = {
						CreatedOnToolsVersion = 6.1;
						TestTargetID = ED5003E51A144A2B00F4EC85;
					};
				};
			};
			buildConfigurationList = ED5003E11A144A2B00F4EC85 /* Build configuration list for PBXProject "PersistentPerf" */;
			compatibilityVersion = "Xcode 3.2";
			developmentRegion = English;
			hasScannedForEncodings = 0;
			knownRegions = (
				en,
				Base,
			);
			mainGroup = ED5003DD1A144A2B00F4EC85;
			productRefGroup = ED5003E71A144A2B00F4EC85 /* Products */;
			projectDirPath = "";
			projectRoot = "";
			targets = (
				ED5003E51A144A2B00F4EC85 /* PersistentPerf */,
				ED5003FE1A144A2B00F4EC85 /* PersistentPerfTests */,
			);
		};
/* End PBXProject section */

/* Begin PBXResourcesBuildPhase section */
		ED5003E41A144A2B00F4EC85 /* Resources */ = {
			isa = PBXResourcesBuildPhase;
			buildActionMask = 2147483647;
			files = (
				ED5003F51A144A2B00F4EC85 /* Main.storyboard in Resources */,
				ED5003FA1A144A2B00F4EC85 /* LaunchScreen.xib in Resources */,
				ED5003F71A144A2B00F4EC85 /* Images.xcassets in Resources */,
				ED1D73061A1450F0002AE5C9 /* main.js in Resources */,
			);
			runOnlyForDeploymentPostprocessing = 0;
		};
		ED5003FD1A144A2B00F4EC85 /* Resources */ = {
			isa = PBXResourcesBuildPhase;
			buildActionMask = 2147483647;
			files = (
			);
			runOnlyForDeploymentPostprocessing = 0;
		};
/* End PBXResourcesBuildPhase section */

/* Begin PBXSourcesBuildPhase section */
		ED5003E21A144A2B00F4EC85 /* Sources */ = {
			isa = PBXSourcesBuildPhase;
			buildActionMask = 2147483647;
			files = (
				ED1D73001A144F30002AE5C9 /* GBYTableViewCell.m in Sources */,
				ED1D73021A144F30002AE5C9 /* GBYTableViewDelegate.m in Sources */,
				ED1D73591A14537D002AE5C9 /* AAPersistentUtils.m in Sources */,
				ED1D732F1A145366002AE5C9 /* AAMapArrayNodeIterator.m in Sources */,
				ED1D73331A145366002AE5C9 /* AATransientHashMap.m in Sources */,
				ED1D732D1A145366002AE5C9 /* AABitmapIndexedNode.m in Sources */,
				ED1D72F01A144F30002AE5C9 /* GBYButton.m in Sources */,
				ED5003F21A144A2B00F4EC85 /* ViewController.m in Sources */,
				ED1D73321A145366002AE5C9 /* AAPersistentHashMap.m in Sources */,
				ED1D72EE1A144F30002AE5C9 /* GBYAlertUtils.m in Sources */,
				ED1D72F31A144F30002AE5C9 /* GBYFetchedResultsControllerDelegate.m in Sources */,
				ED1D73311A145366002AE5C9 /* AANullNode.m in Sources */,
				ED1D733E1A14536B002AE5C9 /* AAPersistentSet.m in Sources */,
				ED1D733D1A14536B002AE5C9 /* AABaseSet.m in Sources */,
				ED1D732E1A145366002AE5C9 /* AAHashCollisionNode.m in Sources */,
				ED1D72F91A144F30002AE5C9 /* GBYScrollViewDelegate.m in Sources */,
				ED1D732B1A145366002AE5C9 /* AAArrayNode.m in Sources */,
				ED1D73031A144F30002AE5C9 /* GBYTextField.m in Sources */,
				ED1D73531A145371002AE5C9 /* AAPersistentVector.m in Sources */,
				ED1D73511A145371002AE5C9 /* AABool.m in Sources */,
				ED1D72F21A144F30002AE5C9 /* GBYFetchedResultsController.m in Sources */,
				ED1D72F81A144F30002AE5C9 /* GBYProtocolForwarder.m in Sources */,
				ED1D72F41A144F30002AE5C9 /* GBYImageView.m in Sources */,
				ED1D72FB1A144F30002AE5C9 /* GBYSoundUtils.m in Sources */,
				ED1D72FF1A144F30002AE5C9 /* GBYTableView.m in Sources */,
				ED1D72F51A144F30002AE5C9 /* GBYLabel.m in Sources */,
				ED1D733F1A14536B002AE5C9 /* AASetIterator.m in Sources */,
				ED1D73551A145371002AE5C9 /* AAVectorIterator.m in Sources */,
				ED1D73501A145371002AE5C9 /* AABaseVector.m in Sources */,
				ED5003EF1A144A2B00F4EC85 /* AppDelegate.m in Sources */,
				ED1D73401A14536B002AE5C9 /* AATransientSet.m in Sources */,
				ED1D72F61A144F30002AE5C9 /* GBYManager.m in Sources */,
				ED1D72FD1A144F30002AE5C9 /* GBYSwitch.m in Sources */,
				ED1D73011A144F30002AE5C9 /* GBYTableViewDataSource.m in Sources */,
				ED1D72FC1A144F30002AE5C9 /* GBYStepper.m in Sources */,
				ED1D72EF1A144F30002AE5C9 /* GBYBarButtonItem.m in Sources */,
				ED1D72F71A144F30002AE5C9 /* GBYNavigationItem.m in Sources */,
				ED1D73171A14535D002AE5C9 /* AAPersistentFunctions.m in Sources */,
				ED1D72F11A144F30002AE5C9 /* GBYColor.m in Sources */,
				ED5003EC1A144A2B00F4EC85 /* main.m in Sources */,
				ED1D732C1A145366002AE5C9 /* AABaseHashMap.m in Sources */,
				ED1D73301A145366002AE5C9 /* AAMapNodeIterator.m in Sources */,
				ED1D73521A145371002AE5C9 /* AAOwner.m in Sources */,
				ED1D73041A144F30002AE5C9 /* GBYViewController.m in Sources */,
				ED1D73541A145371002AE5C9 /* AATransientVector.m in Sources */,
				ED1D73561A145371002AE5C9 /* AAVNode.m in Sources */,
				ED1D72FE1A144F30002AE5C9 /* GBYTabBarController.m in Sources */,
				ED1D72FA1A144F30002AE5C9 /* GBYSegmentedControl.m in Sources */,
			);
			runOnlyForDeploymentPostprocessing = 0;
		};
		ED5003FB1A144A2B00F4EC85 /* Sources */ = {
			isa = PBXSourcesBuildPhase;
			buildActionMask = 2147483647;
			files = (
				ED5004061A144A2B00F4EC85 /* PersistentPerfTests.m in Sources */,
			);
			runOnlyForDeploymentPostprocessing = 0;
		};
/* End PBXSourcesBuildPhase section */

/* Begin PBXTargetDependency section */
		ED5004011A144A2B00F4EC85 /* PBXTargetDependency */ = {
			isa = PBXTargetDependency;
			target = ED5003E51A144A2B00F4EC85 /* PersistentPerf */;
			targetProxy = ED5004001A144A2B00F4EC85 /* PBXContainerItemProxy */;
		};
/* End PBXTargetDependency section */

/* Begin PBXVariantGroup section */
		ED5003F31A144A2B00F4EC85 /* Main.storyboard */ = {
			isa = PBXVariantGroup;
			children = (
				ED5003F41A144A2B00F4EC85 /* Base */,
			);
			name = Main.storyboard;
			sourceTree = "<group>";
		};
		ED5003F81A144A2B00F4EC85 /* LaunchScreen.xib */ = {
			isa = PBXVariantGroup;
			children = (
				ED5003F91A144A2B00F4EC85 /* Base */,
			);
			name = LaunchScreen.xib;
			sourceTree = "<group>";
		};
/* End PBXVariantGroup section */

/* Begin XCBuildConfiguration section */
		ED5004071A144A2B00F4EC85 /* Debug */ = {
			isa = XCBuildConfiguration;
			buildSettings = {
				ALWAYS_SEARCH_USER_PATHS = NO;
				CLANG_CXX_LANGUAGE_STANDARD = "gnu++0x";
				CLANG_CXX_LIBRARY = "libc++";
				CLANG_ENABLE_MODULES = YES;
				CLANG_ENABLE_OBJC_ARC = YES;
				CLANG_WARN_BOOL_CONVERSION = YES;
				CLANG_WARN_CONSTANT_CONVERSION = YES;
				CLANG_WARN_DIRECT_OBJC_ISA_USAGE = YES_ERROR;
				CLANG_WARN_EMPTY_BODY = YES;
				CLANG_WARN_ENUM_CONVERSION = YES;
				CLANG_WARN_INT_CONVERSION = YES;
				CLANG_WARN_OBJC_ROOT_CLASS = YES_ERROR;
				CLANG_WARN_UNREACHABLE_CODE = YES;
				CLANG_WARN__DUPLICATE_METHOD_MATCH = YES;
				"CODE_SIGN_IDENTITY[sdk=iphoneos*]" = "iPhone Developer";
				COPY_PHASE_STRIP = NO;
				ENABLE_STRICT_OBJC_MSGSEND = YES;
				GCC_C_LANGUAGE_STANDARD = gnu99;
				GCC_DYNAMIC_NO_PIC = NO;
				GCC_OPTIMIZATION_LEVEL = 0;
				GCC_PREPROCESSOR_DEFINITIONS = (
					"DEBUG=1",
					"$(inherited)",
				);
				GCC_SYMBOLS_PRIVATE_EXTERN = NO;
				GCC_WARN_64_TO_32_BIT_CONVERSION = YES;
				GCC_WARN_ABOUT_RETURN_TYPE = YES_ERROR;
				GCC_WARN_UNDECLARED_SELECTOR = YES;
				GCC_WARN_UNINITIALIZED_AUTOS = YES_AGGRESSIVE;
				GCC_WARN_UNUSED_FUNCTION = YES;
				GCC_WARN_UNUSED_VARIABLE = YES;
				IPHONEOS_DEPLOYMENT_TARGET = 8.1;
				MTL_ENABLE_DEBUG_INFO = YES;
				ONLY_ACTIVE_ARCH = YES;
				SDKROOT = iphoneos;
			};
			name = Debug;
		};
		ED5004081A144A2B00F4EC85 /* Release */ = {
			isa = XCBuildConfiguration;
			buildSettings = {
				ALWAYS_SEARCH_USER_PATHS = NO;
				CLANG_CXX_LANGUAGE_STANDARD = "gnu++0x";
				CLANG_CXX_LIBRARY = "libc++";
				CLANG_ENABLE_MODULES = YES;
				CLANG_ENABLE_OBJC_ARC = YES;
				CLANG_WARN_BOOL_CONVERSION = YES;
				CLANG_WARN_CONSTANT_CONVERSION = YES;
				CLANG_WARN_DIRECT_OBJC_ISA_USAGE = YES_ERROR;
				CLANG_WARN_EMPTY_BODY = YES;
				CLANG_WARN_ENUM_CONVERSION = YES;
				CLANG_WARN_INT_CONVERSION = YES;
				CLANG_WARN_OBJC_ROOT_CLASS = YES_ERROR;
				CLANG_WARN_UNREACHABLE_CODE = YES;
				CLANG_WARN__DUPLICATE_METHOD_MATCH = YES;
				"CODE_SIGN_IDENTITY[sdk=iphoneos*]" = "iPhone Developer";
				COPY_PHASE_STRIP = YES;
				ENABLE_NS_ASSERTIONS = NO;
				ENABLE_STRICT_OBJC_MSGSEND = YES;
				GCC_C_LANGUAGE_STANDARD = gnu99;
				GCC_WARN_64_TO_32_BIT_CONVERSION = YES;
				GCC_WARN_ABOUT_RETURN_TYPE = YES_ERROR;
				GCC_WARN_UNDECLARED_SELECTOR = YES;
				GCC_WARN_UNINITIALIZED_AUTOS = YES_AGGRESSIVE;
				GCC_WARN_UNUSED_FUNCTION = YES;
				GCC_WARN_UNUSED_VARIABLE = YES;
				IPHONEOS_DEPLOYMENT_TARGET = 8.1;
				MTL_ENABLE_DEBUG_INFO = NO;
				SDKROOT = iphoneos;
				VALIDATE_PRODUCT = YES;
			};
			name = Release;
		};
		ED50040A1A144A2B00F4EC85 /* Debug */ = {
			isa = XCBuildConfiguration;
			buildSettings = {
				ASSETCATALOG_COMPILER_APPICON_NAME = AppIcon;
				INFOPLIST_FILE = PersistentPerf/Info.plist;
				LD_RUNPATH_SEARCH_PATHS = "$(inherited) @executable_path/Frameworks";
				PRODUCT_NAME = "$(TARGET_NAME)";
			};
			name = Debug;
		};
		ED50040B1A144A2B00F4EC85 /* Release */ = {
			isa = XCBuildConfiguration;
			buildSettings = {
				ASSETCATALOG_COMPILER_APPICON_NAME = AppIcon;
				INFOPLIST_FILE = PersistentPerf/Info.plist;
				LD_RUNPATH_SEARCH_PATHS = "$(inherited) @executable_path/Frameworks";
				PRODUCT_NAME = "$(TARGET_NAME)";
			};
			name = Release;
		};
		ED50040D1A144A2B00F4EC85 /* Debug */ = {
			isa = XCBuildConfiguration;
			buildSettings = {
				BUNDLE_LOADER = "$(TEST_HOST)";
				FRAMEWORK_SEARCH_PATHS = (
					"$(SDKROOT)/Developer/Library/Frameworks",
					"$(inherited)",
				);
				GCC_PREPROCESSOR_DEFINITIONS = (
					"DEBUG=1",
					"$(inherited)",
				);
				INFOPLIST_FILE = PersistentPerfTests/Info.plist;
				LD_RUNPATH_SEARCH_PATHS = "$(inherited) @executable_path/Frameworks @loader_path/Frameworks";
				PRODUCT_NAME = "$(TARGET_NAME)";
				TEST_HOST = "$(BUILT_PRODUCTS_DIR)/PersistentPerf.app/PersistentPerf";
			};
			name = Debug;
		};
		ED50040E1A144A2B00F4EC85 /* Release */ = {
			isa = XCBuildConfiguration;
			buildSettings = {
				BUNDLE_LOADER = "$(TEST_HOST)";
				FRAMEWORK_SEARCH_PATHS = (
					"$(SDKROOT)/Developer/Library/Frameworks",
					"$(inherited)",
				);
				INFOPLIST_FILE = PersistentPerfTests/Info.plist;
				LD_RUNPATH_SEARCH_PATHS = "$(inherited) @executable_path/Frameworks @loader_path/Frameworks";
				PRODUCT_NAME = "$(TARGET_NAME)";
				TEST_HOST = "$(BUILT_PRODUCTS_DIR)/PersistentPerf.app/PersistentPerf";
			};
			name = Release;
		};
/* End XCBuildConfiguration section */

/* Begin XCConfigurationList section */
		ED5003E11A144A2B00F4EC85 /* Build configuration list for PBXProject "PersistentPerf" */ = {
			isa = XCConfigurationList;
			buildConfigurations = (
				ED5004071A144A2B00F4EC85 /* Debug */,
				ED5004081A144A2B00F4EC85 /* Release */,
			);
			defaultConfigurationIsVisible = 0;
			defaultConfigurationName = Release;
		};
		ED5004091A144A2B00F4EC85 /* Build configuration list for PBXNativeTarget "PersistentPerf" */ = {
			isa = XCConfigurationList;
			buildConfigurations = (
				ED50040A1A144A2B00F4EC85 /* Debug */,
				ED50040B1A144A2B00F4EC85 /* Release */,
			);
			defaultConfigurationIsVisible = 0;
			defaultConfigurationName = Release;
		};
		ED50040C1A144A2B00F4EC85 /* Build configuration list for PBXNativeTarget "PersistentPerfTests" */ = {
			isa = XCConfigurationList;
			buildConfigurations = (
				ED50040D1A144A2B00F4EC85 /* Debug */,
				ED50040E1A144A2B00F4EC85 /* Release */,
			);
			defaultConfigurationIsVisible = 0;
			defaultConfigurationName = Release;
		};
/* End XCConfigurationList section */
	};
	rootObject = ED5003DE1A144A2B00F4EC85 /* Project object */;
}
